
Microsoft Visual Studio Solution File, Format Version 12.00
# Visual Studio 15
VisualStudioVersion = 15.0.27130.2024
MinimumVisualStudioVersion = 10.0.40219.1
Project("{9A19103F-16F7-4668-BE54-9A1E7A4F7556}") = "MCQuery-Console", "MCQuery\MCQuery-Console.csproj", "{D2B7C12E-E5CC-4517-B07A-AE9AE9A0DDAD}"
EndProject
Project("{FAE04EC0-301F-11D3-BF4B-00C04F79EFBC}") = "MCQuery", "MCQuery-Lib\MCQuery.csproj", "{B439EF43-29DE-4490-9542-83111E9CF88B}"
EndProject
Global
	GlobalSection(SolutionConfigurationPlatforms) = preSolution
		Debug|Any CPU = Debug|Any CPU
		Release|Any CPU = Release|Any CPU
	EndGlobalSection
	GlobalSection(ProjectConfigurationPlatforms) = postSolution
		{D2B7C12E-E5CC-4517-B07A-AE9AE9A0DDAD}.Debug|Any CPU.ActiveCfg = Debug|Any CPU
		{D2B7C12E-E5CC-4517-B07A-AE9AE9A0DDAD}.Debug|Any CPU.Build.0 = Debug|Any CPU
		{D2B7C12E-E5CC-4517-B07A-AE9AE9A0DDAD}.Release|Any CPU.ActiveCfg = Release|Any CPU
		{D2B7C12E-E5CC-4517-B07A-AE9AE9A0DDAD}.Release|Any CPU.Build.0 = Release|Any CPU
		{B439EF43-29DE-4490-9542-83111E9CF88B}.Debug|Any CPU.ActiveCfg = Debug|Any CPU
		{B439EF43-29DE-4490-9542-83111E9CF88B}.Debug|Any CPU.Build.0 = Debug|Any CPU
		{B439EF43-29DE-4490-9542-83111E9CF88B}.Release|Any CPU.ActiveCfg = Release|Any CPU
		{B439EF43-29DE-4490-9542-83111E9CF88B}.Release|Any CPU.Build.0 = Release|Any CPU
	EndGlobalSection
	GlobalSection(SolutionProperties) = preSolution
		HideSolutionNode = FALSE
	EndGlobalSection
	GlobalSection(ExtensibilityGlobals) = postSolution
		SolutionGuid = {E98D737C-4E50-451B-8F90-2E219A025F49}
	EndGlobalSection
EndGlobal
